
Microsoft Visual Studio Solution File, Format Version 12.00
Project("{FAE04EC0-301F-11D3-BF4B-00C04F79EFBC}") = "factory", "factory\factory.csproj", "{CA9D924E-FDDA-46DB-8214-A814ED76C569}"
EndProject
Global
	GlobalSection(SolutionConfigurationPlatforms) = preSolution
		Debug|Any CPU = Debug|Any CPU
		Release|Any CPU = Release|Any CPU
	EndGlobalSection
	GlobalSection(ProjectConfigurationPlatforms) = postSolution
		{CA9D924E-FDDA-46DB-8214-A814ED76C569}.Debug|Any CPU.ActiveCfg = Debug|Any CPU
		{CA9D924E-FDDA-46DB-8214-A814ED76C569}.Debug|Any CPU.Build.0 = Debug|Any CPU
		{CA9D924E-FDDA-46DB-8214-A814ED76C569}.Release|Any CPU.ActiveCfg = Release|Any CPU
		{CA9D924E-FDDA-46DB-8214-A814ED76C569}.Release|Any CPU.Build.0 = Release|Any CPU
	EndGlobalSection
EndGlobal
